<?xml version="1.0" encoding="utf-8"?>
<Project ToolsVersion="4.0" xmlns="http://schemas.microsoft.com/developer/msbuild/2003">
  <ItemGroup>
    <Filter Include="Source Files">
      <UniqueIdentifier>{4FC737F1-C7A5-4376-A066-2A32D752A2FF}</UniqueIdentifier>
      <Extensions>cpp;c;cc;cxx;def;odl;idl;hpj;bat;asm;asmx</Extensions>
    </Filter>
    <Filter Include="Header Files">
      <UniqueIdentifier>{93995380-89BD-4b04-88EB-625FBE52EBFB}</UniqueIdentifier>
      <Extensions>h;hpp;hxx;hm;inl;inc;xsd</Extensions>
    </Filter>
    <Filter Include="Resource Files">
      <UniqueIdentifier>{67DA6AB6-F800-4c08-8B7A-83BB121AAD01}</UniqueIdentifier>
      <Extensions>rc;ico;cur;bmp;dlg;rc2;rct;bin;rgs;gif;jpg;jpeg;jpe;resx;tiff;tif;png;wav;mfcribbon-ms</Extensions>
    </Filter>
    <Filter Include="Source Files\Vertex">
      <UniqueIdentifier>{ae6ed83d-838a-499d-a2dc-6a3a6d3a2d2b}</UniqueIdentifier>
    </Filter>
    <Filter Include="Source Files\Fragment">
      <UniqueIdentifier>{5c3f660d-9d64-4512-81f0-2b64d1195428}</UniqueIdentifier>
    </Filter>
    <Filter Include="Resource Files\Shuttle">
      <UniqueIdentifier>{49401531-697c-479d-a339-092e7e017627}</UniqueIdentifier>
    </Filter>
  </ItemGroup>
  <ItemGroup>
    <ClCompile Include="main.cpp">
      <Filter>Source Files</Filter>
    </ClCompile>
    <ClCompile Include="obj.c">
      <Filter>Source Files</Filter>
    </ClCompile>
    <ClCompile Include="image.c">
      <Filter>Source Files</Filter>
    </ClCompile>
    <ClCompile Include="plane.c">
      <Filter>Source Files</Filter>
    </ClCompile>
    <ClCompile Include="phongfragment.glsl">
      <Filter>Source Files\Fragment</Filter>
    </ClCompile>
    <ClCompile Include="phongvertex.glsl">
      <Filter>Source Files\Vertex</Filter>
    </ClCompile>
    <ClCompile Include="waveglsl">
      <Filter>Source Files\Vertex</Filter>
    </ClCompile>
  </ItemGroup>
  <ItemGroup>
    <ClInclude Include="gl.h">
      <Filter>Header Files</Filter>
    </ClInclude>
    <ClInclude Include="obj.h">
      <Filter>Header Files</Filter>
    </ClInclude>
    <ClInclude Include="image.h">
      <Filter>Header Files</Filter>
    </ClInclude>
    <ClInclude Include="plane.h">
      <Filter>Header Files</Filter>
    </ClInclude>
    <ClInclude Include="shaderloader.h">
      <Filter>Header Files</Filter>
    </ClInclude>
  </ItemGroup>
  <ItemGroup>
    <None Include="brick.glsl">
      <Filter>Source Files\Fragment</Filter>
    </None>
  </ItemGroup>
</Project>